// !$*UTF8*$!
{
	archiveVersion = 1;
	classes = {
	};
	objectVersion = 50;
	objects = {

/* Begin PBXBuildFile section */
		3AA3FCA424FF7F0F0080FDCE /* AppDelegate.swift in Sources */ = {isa = PBXBuildFile; fileRef = 3AA3FCA324FF7F0F0080FDCE /* AppDelegate.swift */; };
		3AA3FCA624FF7F0F0080FDCE /* SceneDelegate.swift in Sources */ = {isa = PBXBuildFile; fileRef = 3AA3FCA524FF7F0F0080FDCE /* SceneDelegate.swift */; };
		3AA3FCA824FF7F0F0080FDCE /* ViewController.swift in Sources */ = {isa = PBXBuildFile; fileRef = 3AA3FCA724FF7F0F0080FDCE /* ViewController.swift */; };
		3AA3FCAB24FF7F0F0080FDCE /* Main.storyboard in Resources */ = {isa = PBXBuildFile; fileRef = 3AA3FCA924FF7F0F0080FDCE /* Main.storyboard */; };
		3AA3FCAD24FF7F100080FDCE /* Assets.xcassets in Resources */ = {isa = PBXBuildFile; fileRef = 3AA3FCAC24FF7F100080FDCE /* Assets.xcassets */; };
		3AA3FCB024FF7F100080FDCE /* LaunchScreen.storyboard in Resources */ = {isa = PBXBuildFile; fileRef = 3AA3FCAE24FF7F100080FDCE /* LaunchScreen.storyboard */; };
/* End PBXBuildFile section */

/* Begin PBXFileReference section */
		3AA3FCA024FF7F0F0080FDCE /* ListOfStudents.app */ = {isa = PBXFileReference; explicitFileType = wrapper.application; includeInIndex = 0; path = ListOfStudents.app; sourceTree = BUILT_PRODUCTS_DIR; };
		3AA3FCA324FF7F0F0080FDCE /* AppDelegate.swift */ = {isa = PBXFileReference; lastKnownFileType = sourcecode.swift; path = AppDelegate.swift; sourceTree = "<group>"; };
		3AA3FCA524FF7F0F0080FDCE /* SceneDelegate.swift */ = {isa = PBXFileReference; lastKnownFileType = sourcecode.swift; path = SceneDelegate.swift; sourceTree = "<group>"; };
		3AA3FCA724FF7F0F0080FDCE /* ViewController.swift */ = {isa = PBXFileReference; lastKnownFileType = sourcecode.swift; path = ViewController.swift; sourceTree = "<group>"; };
		3AA3FCAA24FF7F0F0080FDCE /* Base */ = {isa = PBXFileReference; lastKnownFileType = file.storyboard; name = Base; path = Base.lproj/Main.storyboard; sourceTree = "<group>"; };
		3AA3FCAC24FF7F100080FDCE /* Assets.xcassets */ = {isa = PBXFileReference; lastKnownFileType = folder.assetcatalog; path = Assets.xcassets; sourceTree = "<group>"; };
		3AA3FCAF24FF7F100080FDCE /* Base */ = {isa = PBXFileReference; lastKnownFileType = file.storyboard; name = Base; path = Base.lproj/LaunchScreen.storyboard; sourceTree = "<group>"; };
		3AA3FCB124FF7F100080FDCE /* Info.plist */ = {isa = PBXFileReference; lastKnownFileType = text.plist.xml; path = Info.plist; sourceTree = "<group>"; };
/* End PBXFileReference section */

/* Begin PBXFrameworksBuildPhase section */
		3AA3FC9D24FF7F0F0080FDCE /* Frameworks */ = {
			isa = PBXFrameworksBuildPhase;
			buildActionMask = 2147483647;
			files = (
			);
			runOnlyForDeploymentPostprocessing = 0;
		};
/* End PBXFrameworksBuildPhase section */

/* Begin PBXGroup section */
		3AA3FC9724FF7F0F0080FDCE = {
			isa = PBXGroup;
			children = (
				3AA3FCA224FF7F0F0080FDCE /* ListOfStudents */,
				3AA3FCA124FF7F0F0080FDCE /* Products */,
			);
			sourceTree = "<group>";
		};
		3AA3FCA124FF7F0F0080FDCE /* Products */ = {
			isa = PBXGroup;
			children = (
				3AA3FCA024FF7F0F0080FDCE /* ListOfStudents.app */,
			);
			name = Products;
			sourceTree = "<group>";
		};
		3AA3FCA224FF7F0F0080FDCE /* ListOfStudents */ = {
			isa = PBXGroup;
			children = (
				3AA3FCA324FF7F0F0080FDCE /* AppDelegate.swift */,
				3AA3FCA524FF7F0F0080FDCE /* SceneDelegate.swift */,
				3AA3FCA724FF7F0F0080FDCE /* ViewController.swift */,
				3AA3FCA924FF7F0F0080FDCE /* Main.storyboard */,
				3AA3FCAC24FF7F100080FDCE /* Assets.xcassets */,
				3AA3FCAE24FF7F100080FDCE /* LaunchScreen.storyboard */,
				3AA3FCB124FF7F100080FDCE /* Info.plist */,
			);
			path = ListOfStudents;
			sourceTree = "<group>";
		};
/* End PBXGroup section */

/* Begin PBXNativeTarget section */
		3AA3FC9F24FF7F0F0080FDCE /* ListOfStudents */ = {
			isa = PBXNativeTarget;
			buildConfigurationList = 3AA3FCB424FF7F100080FDCE /* Build configuration list for PBXNativeTarget "ListOfStudents" */;
			buildPhases = (
				3AA3FC9C24FF7F0F0080FDCE /* Sources */,
				3AA3FC9D24FF7F0F0080FDCE /* Frameworks */,
				3AA3FC9E24FF7F0F0080FDCE /* Resources */,
			);
			buildRules = (
			);
			dependencies = (
			);
			name = ListOfStudents;
			productName = ListOfStudents;
			productReference = 3AA3FCA024FF7F0F0080FDCE /* ListOfStudents.app */;
			productType = "com.apple.product-type.application";
		};
/* End PBXNativeTarget section */

/* Begin PBXProject section */
		3AA3FC9824FF7F0F0080FDCE /* Project object */ = {
			isa = PBXProject;
			attributes = {
				LastSwiftUpdateCheck = 1120;
				LastUpgradeCheck = 1120;
				ORGANIZATIONNAME = "Anton Agafonov";
				TargetAttributes = {
					3AA3FC9F24FF7F0F0080FDCE = {
						CreatedOnToolsVersion = 11.2.1;
					};
				};
			};
			buildConfigurationList = 3AA3FC9B24FF7F0F0080FDCE /* Build configuration list for PBXProject "ListOfStudents" */;
			compatibilityVersion = "Xcode 9.3";
			developmentRegion = en;
			hasScannedForEncodings = 0;
			knownRegions = (
				en,
				Base,
			);
			mainGroup = 3AA3FC9724FF7F0F0080FDCE;
			productRefGroup = 3AA3FCA124FF7F0F0080FDCE /* Products */;
			projectDirPath = "";
			projectRoot = "";
			targets = (
				3AA3FC9F24FF7F0F0080FDCE /* ListOfStudents */,
			);
		};
/* End PBXProject section */

/* Begin PBXResourcesBuildPhase section */
		3AA3FC9E24FF7F0F0080FDCE /* Resources */ = {
			isa = PBXResourcesBuildPhase;
			buildActionMask = 2147483647;
			files = (
				3AA3FCB024FF7F100080FDCE /* LaunchScreen.storyboard in Resources */,
				3AA3FCAD24FF7F100080FDCE /* Assets.xcassets in Resources */,
				3AA3FCAB24FF7F0F0080FDCE /* Main.storyboard in Resources */,
			);
			runOnlyForDeploymentPostprocessing = 0;
		};
/* End PBXResourcesBuildPhase section */

/* Begin PBXSourcesBuildPhase section */
		3AA3FC9C24FF7F0F0080FDCE /* Sources */ = {
			isa = PBXSourcesBuildPhase;
			buildActionMask = 2147483647;
			files = (
				3AA3FCA824FF7F0F0080FDCE /* ViewController.swift in Sources */,
				3AA3FCA424FF7F0F0080FDCE /* AppDelegate.swift in Sources */,
				3AA3FCA624FF7F0F0080FDCE /* SceneDelegate.swift in Sources */,
			);
			runOnlyForDeploymentPostprocessing = 0;
		};
/* End PBXSourcesBuildPhase section */

/* Begin PBXVariantGroup section */
		3AA3FCA924FF7F0F0080FDCE /* Main.storyboard */ = {
			isa = PBXVariantGroup;
			children = (
				3AA3FCAA24FF7F0F0080FDCE /* Base */,
			);
			name = Main.storyboard;
			sourceTree = "<group>";
		};
		3AA3FCAE24FF7F100080FDCE /* LaunchScreen.storyboard */ = {
			isa = PBXVariantGroup;
			children = (
				3AA3FCAF24FF7F100080FDCE /* Base */,
			);
			name = LaunchScreen.storyboard;
			sourceTree = "<group>";
		};
/* End PBXVariantGroup section */

/* Begin XCBuildConfiguration section */
		3AA3FCB224FF7F100080FDCE /* Debug */ = {
			isa = XCBuildConfiguration;
			buildSettings = {
				ALWAYS_SEARCH_USER_PATHS = NO;
				CLANG_ANALYZER_NONNULL = YES;
				CLANG_ANALYZER_NUMBER_OBJECT_CONVERSION = YES_AGGRESSIVE;
				CLANG_CXX_LANGUAGE_STANDARD = "gnu++14";
				CLANG_CXX_LIBRARY = "libc++";
				CLANG_ENABLE_MODULES = YES;
				CLANG_ENABLE_OBJC_ARC = YES;
				CLANG_ENABLE_OBJC_WEAK = YES;
				CLANG_WARN_BLOCK_CAPTURE_AUTORELEASING = YES;
				CLANG_WARN_BOOL_CONVERSION = YES;
				CLANG_WARN_COMMA = YES;
				CLANG_WARN_CONSTANT_CONVERSION = YES;
				CLANG_WARN_DEPRECATED_OBJC_IMPLEMENTATIONS = YES;
				CLANG_WARN_DIRECT_OBJC_ISA_USAGE = YES_ERROR;
				CLANG_WARN_DOCUMENTATION_COMMENTS = YES;
				CLANG_WARN_EMPTY_BODY = YES;
				CLANG_WARN_ENUM_CONVERSION = YES;
				CLANG_WARN_INFINITE_RECURSION = YES;
				CLANG_WARN_INT_CONVERSION = YES;
				CLANG_WARN_NON_LITERAL_NULL_CONVERSION = YES;
				CLANG_WARN_OBJC_IMPLICIT_RETAIN_SELF = YES;
				CLANG_WARN_OBJC_LITERAL_CONVERSION = YES;
				CLANG_WARN_OBJC_ROOT_CLASS = YES_ERROR;
				CLANG_WARN_RANGE_LOOP_ANALYSIS = YES;
				CLANG_WARN_STRICT_PROTOTYPES = YES;
				CLANG_WARN_SUSPICIOUS_MOVE = YES;
				CLANG_WARN_UNGUARDED_AVAILABILITY = YES_AGGRESSIVE;
				CLANG_WARN_UNREACHABLE_CODE = YES;
				CLANG_WARN__DUPLICATE_METHOD_MATCH = YES;
				COPY_PHASE_STRIP = NO;
				DEBUG_INFORMATION_FORMAT = dwarf;
				ENABLE_STRICT_OBJC_MSGSEND = YES;
				ENABLE_TESTABILITY = YES;
				GCC_C_LANGUAGE_STANDARD = gnu11;
				GCC_DYNAMIC_NO_PIC = NO;
				GCC_NO_COMMON_BLOCKS = YES;
				GCC_OPTIMIZATION_LEVEL = 0;
				GCC_PREPROCESSOR_DEFINITIONS = (
					"DEBUG=1",
					"$(inherited)",
				);
				GCC_WARN_64_TO_32_BIT_CONVERSION = YES;
				GCC_WARN_ABOUT_RETURN_TYPE = YES_ERROR;
				GCC_WARN_UNDECLARED_SELECTOR = YES;
				GCC_WARN_UNINITIALIZED_AUTOS = YES_AGGRESSIVE;
				GCC_WARN_UNUSED_FUNCTION = YES;
				GCC_WARN_UNUSED_VARIABLE = YES;
				IPHONEOS_DEPLOYMENT_TARGET = 13.2;
				MTL_ENABLE_DEBUG_INFO = INCLUDE_SOURCE;
				MTL_FAST_MATH = YES;
				ONLY_ACTIVE_ARCH = YES;
				SDKROOT = iphoneos;
				SWIFT_ACTIVE_COMPILATION_CONDITIONS = DEBUG;
				SWIFT_OPTIMIZATION_LEVEL = "-Onone";
			};
			name = Debug;
		};
		3AA3FCB324FF7F100080FDCE /* Release */ = {
			isa = XCBuildConfiguration;
			buildSettings = {
				ALWAYS_SEARCH_USER_PATHS = NO;
				CLANG_ANALYZER_NONNULL = YES;
				CLANG_ANALYZER_NUMBER_OBJECT_CONVERSION = YES_AGGRESSIVE;
				CLANG_CXX_LANGUAGE_STANDARD = "gnu++14";
				CLANG_CXX_LIBRARY = "libc++";
				CLANG_ENABLE_MODULES = YES;
				CLANG_ENABLE_OBJC_ARC = YES;
				CLANG_ENABLE_OBJC_WEAK = YES;
				CLANG_WARN_BLOCK_CAPTURE_AUTORELEASING = YES;
				CLANG_WARN_BOOL_CONVERSION = YES;
				CLANG_WARN_COMMA = YES;
				CLANG_WARN_CONSTANT_CONVERSION = YES;
				CLANG_WARN_DEPRECATED_OBJC_IMPLEMENTATIONS = YES;
				CLANG_WARN_DIRECT_OBJC_ISA_USAGE = YES_ERROR;
				CLANG_WARN_DOCUMENTATION_COMMENTS = YES;
				CLANG_WARN_EMPTY_BODY = YES;
				CLANG_WARN_ENUM_CONVERSION = YES;
				CLANG_WARN_INFINITE_RECURSION = YES;
				CLANG_WARN_INT_CONVERSION = YES;
				CLANG_WARN_NON_LITERAL_NULL_CONVERSION = YES;
				CLANG_WARN_OBJC_IMPLICIT_RETAIN_SELF = YES;
				CLANG_WARN_OBJC_LITERAL_CONVERSION = YES;
				CLANG_WARN_OBJC_ROOT_CLASS = YES_ERROR;
				CLANG_WARN_RANGE_LOOP_ANALYSIS = YES;
				CLANG_WARN_STRICT_PROTOTYPES = YES;
				CLANG_WARN_SUSPICIOUS_MOVE = YES;
				CLANG_WARN_UNGUARDED_AVAILABILITY = YES_AGGRESSIVE;
				CLANG_WARN_UNREACHABLE_CODE = YES;
				CLANG_WARN__DUPLICATE_METHOD_MATCH = YES;
				COPY_PHASE_STRIP = NO;
				DEBUG_INFORMATION_FORMAT = "dwarf-with-dsym";
				ENABLE_NS_ASSERTIONS = NO;
				ENABLE_STRICT_OBJC_MSGSEND = YES;
				GCC_C_LANGUAGE_STANDARD = gnu11;
				GCC_NO_COMMON_BLOCKS = YES;
				GCC_WARN_64_TO_32_BIT_CONVERSION = YES;
				GCC_WARN_ABOUT_RETURN_TYPE = YES_ERROR;
				GCC_WARN_UNDECLARED_SELECTOR = YES;
				GCC_WARN_UNINITIALIZED_AUTOS = YES_AGGRESSIVE;
				GCC_WARN_UNUSED_FUNCTION = YES;
				GCC_WARN_UNUSED_VARIABLE = YES;
				IPHONEOS_DEPLOYMENT_TARGET = 13.2;
				MTL_ENABLE_DEBUG_INFO = NO;
				MTL_FAST_MATH = YES;
				SDKROOT = iphoneos;
				SWIFT_COMPILATION_MODE = wholemodule;
				SWIFT_OPTIMIZATION_LEVEL = "-O";
				VALIDATE_PRODUCT = YES;
			};
			name = Release;
		};
		3AA3FCB524FF7F100080FDCE /* Debug */ = {
			isa = XCBuildConfiguration;
			buildSettings = {
				ASSETCATALOG_COMPILER_APPICON_NAME = AppIcon;
				CODE_SIGN_STYLE = Automatic;
				DEVELOPMENT_TEAM = 836DR8655U;
				INFOPLIST_FILE = ListOfStudents/Info.plist;
				LD_RUNPATH_SEARCH_PATHS = (
					"$(inherited)",
					"@executable_path/Frameworks",
				);
				PRODUCT_BUNDLE_IDENTIFIER = AA.ListOfStudents;
				PRODUCT_NAME = "$(TARGET_NAME)";
				SWIFT_VERSION = 5.0;
				TARGETED_DEVICE_FAMILY = "1,2";
			};
			name = Debug;
		};
		3AA3FCB624FF7F100080FDCE /* Release */ = {
			isa = XCBuildConfiguration;
			buildSettings = {
				ASSETCATALOG_COMPILER_APPICON_NAME = AppIcon;
				CODE_SIGN_STYLE = Automatic;
				DEVELOPMENT_TEAM = 836DR8655U;
				INFOPLIST_FILE = ListOfStudents/Info.plist;
				LD_RUNPATH_SEARCH_PATHS = (
					"$(inherited)",
					"@executable_path/Frameworks",
				);
				PRODUCT_BUNDLE_IDENTIFIER = AA.ListOfStudents;
				PRODUCT_NAME = "$(TARGET_NAME)";
				SWIFT_VERSION = 5.0;
				TARGETED_DEVICE_FAMILY = "1,2";
			};
			name = Release;
		};
/* End XCBuildConfiguration section */

/* Begin XCConfigurationList section */
		3AA3FC9B24FF7F0F0080FDCE /* Build configuration list for PBXProject "ListOfStudents" */ = {
			isa = XCConfigurationList;
			buildConfigurations = (
				3AA3FCB224FF7F100080FDCE /* Debug */,
				3AA3FCB324FF7F100080FDCE /* Release */,
			);
			defaultConfigurationIsVisible = 0;
			defaultConfigurationName = Release;
		};
		3AA3FCB424FF7F100080FDCE /* Build configuration list for PBXNativeTarget "ListOfStudents" */ = {
			isa = XCConfigurationList;
			buildConfigurations = (
				3AA3FCB524FF7F100080FDCE /* Debug */,
				3AA3FCB624FF7F100080FDCE /* Release */,
			);
			defaultConfigurationIsVisible = 0;
			defaultConfigurationName = Release;
		};
/* End XCConfigurationList section */
	};
	rootObject = 3AA3FC9824FF7F0F0080FDCE /* Project object */;
}
